# This file is automatically @generated by Cargo.
# It is not intended for manual editing.
version = 4

[[package]]
name = "gemma4-core"
version = "0.0.1"

[[package]]
name = "gemma4-driver"
version = "0.0.1"
dependencies = [
 "gemma4-core",
 "gemma4-model",
 "gemma4-ops",
 "gemma4-tokenizer",
]

[[package]]
name = "gemma4-jni"
version = "0.0.1"
dependencies = [
 "gemma4-core",
 "gemma4-model",
 "gemma4-ops",
]

[[package]]
name = "gemma4-model"
version = "0.0.1"
dependencies = [
 "gemma4-core",
 "gemma4-ops",
]

[[package]]
name = "gemma4-ops"
version = "0.0.1"
dependencies = [
 "gemma4-core",
]

[[package]]
name = "gemma4-quant"
version = "0.0.1"
dependencies = [
 "gemma4-core",
]

[[package]]
name = "gemma4-tokenizer"
version = "0.0.1"
